{
    "name": "clase-12-asincronia-y-manejo-de-errores",
    "version": "1.0.0",
    "lockfileVersion": 3,
    "requires": true,
    "packages": {
        "": {
            "name": "clase-12-asincronia-y-manejo-de-errores",
            "version": "1.0.0",
            "license": "ISC"
        }
    }
}
